PODS:
  - ProcedureKit (5.2.0):
    - ProcedureKit/Standard (= 5.2.0)
  - ProcedureKit/Network (5.2.0):
    - ProcedureKit/Standard
  - ProcedureKit/Standard (5.2.0)

DEPENDENCIES:
  - ProcedureKit (= 5.2.0)
  - ProcedureKit/Network (= 5.2.0)

SPEC REPOS:
  https://github.com/cocoapods/specs.git:
    - ProcedureKit

SPEC CHECKSUMS:
  ProcedureKit: deafeab083a0c5e45e4b02379e0ffa316d03db29

PODFILE CHECKSUM: e79638a6c80fbb6865fd055c337fbcf40dd3d0e3

COCOAPODS: 1.6.1
